// !$*UTF8*$!
{
	archiveVersion = 1;
	classes = {
	};
	objectVersion = 56;
	objects = {

/* Begin PBXBuildFile section */
		75FE44B42B337D9E0096CD01 /* Taxi_Stockholm_CityApp.swift in Sources */ = {isa = PBXBuildFile; fileRef = 75FE44B32B337D9E0096CD01 /* Taxi_Stockholm_CityApp.swift */; };
		75FE44B62B337D9E0096CD01 /* ContentView.swift in Sources */ = {isa = PBXBuildFile; fileRef = 75FE44B52B337D9E0096CD01 /* ContentView.swift */; };
		75FE44B82B337DA10096CD01 /* Assets.xcassets in Resources */ = {isa = PBXBuildFile; fileRef = 75FE44B72B337DA10096CD01 /* Assets.xcassets */; };
		75FE44BB2B337DA10096CD01 /* Preview Assets.xcassets in Resources */ = {isa = PBXBuildFile; fileRef = 75FE44BA2B337DA10096CD01 /* Preview Assets.xcassets */; };
		75FE44C52B337DA20096CD01 /* Taxi_Stockholm_CityTests.swift in Sources */ = {isa = PBXBuildFile; fileRef = 75FE44C42B337DA20096CD01 /* Taxi_Stockholm_CityTests.swift */; };
		75FE44CF2B337DA20096CD01 /* Taxi_Stockholm_CityUITests.swift in Sources */ = {isa = PBXBuildFile; fileRef = 75FE44CE2B337DA20096CD01 /* Taxi_Stockholm_CityUITests.swift */; };
		75FE44D12B337DA20096CD01 /* Taxi_Stockholm_CityUITestsLaunchTests.swift in Sources */ = {isa = PBXBuildFile; fileRef = 75FE44D02B337DA20096CD01 /* Taxi_Stockholm_CityUITestsLaunchTests.swift */; };
/* End PBXBuildFile section */

/* Begin PBXContainerItemProxy section */
		75FE44C12B337DA20096CD01 /* PBXContainerItemProxy */ = {
			isa = PBXContainerItemProxy;
			containerPortal = 75FE44A82B337D9E0096CD01 /* Project object */;
			proxyType = 1;
			remoteGlobalIDString = 75FE44AF2B337D9E0096CD01;
			remoteInfo = "Taxi Stockholm City";
		};
		75FE44CB2B337DA20096CD01 /* PBXContainerItemProxy */ = {
			isa = PBXContainerItemProxy;
			containerPortal = 75FE44A82B337D9E0096CD01 /* Project object */;
			proxyType = 1;
			remoteGlobalIDString = 75FE44AF2B337D9E0096CD01;
			remoteInfo = "Taxi Stockholm City";
		};
/* End PBXContainerItemProxy section */

/* Begin PBXFileReference section */
		75FE44B02B337D9E0096CD01 /* Taxi Stockholm City.app */ = {isa = PBXFileReference; explicitFileType = wrapper.application; includeInIndex = 0; path = "Taxi Stockholm City.app"; sourceTree = BUILT_PRODUCTS_DIR; };
		75FE44B32B337D9E0096CD01 /* Taxi_Stockholm_CityApp.swift */ = {isa = PBXFileReference; lastKnownFileType = sourcecode.swift; path = Taxi_Stockholm_CityApp.swift; sourceTree = "<group>"; };
		75FE44B52B337D9E0096CD01 /* ContentView.swift */ = {isa = PBXFileReference; lastKnownFileType = sourcecode.swift; path = ContentView.swift; sourceTree = "<group>"; };
		75FE44B72B337DA10096CD01 /* Assets.xcassets */ = {isa = PBXFileReference; lastKnownFileType = folder.assetcatalog; path = Assets.xcassets; sourceTree = "<group>"; };
		75FE44BA2B337DA10096CD01 /* Preview Assets.xcassets */ = {isa = PBXFileReference; lastKnownFileType = folder.assetcatalog; path = "Preview Assets.xcassets"; sourceTree = "<group>"; };
		75FE44C02B337DA20096CD01 /* Taxi Stockholm CityTests.xctest */ = {isa = PBXFileReference; explicitFileType = wrapper.cfbundle; includeInIndex = 0; path = "Taxi Stockholm CityTests.xctest"; sourceTree = BUILT_PRODUCTS_DIR; };
		75FE44C42B337DA20096CD01 /* Taxi_Stockholm_CityTests.swift */ = {isa = PBXFileReference; lastKnownFileType = sourcecode.swift; path = Taxi_Stockholm_CityTests.swift; sourceTree = "<group>"; };
		75FE44CA2B337DA20096CD01 /* Taxi Stockholm CityUITests.xctest */ = {isa = PBXFileReference; explicitFileType = wrapper.cfbundle; includeInIndex = 0; path = "Taxi Stockholm CityUITests.xctest"; sourceTree = BUILT_PRODUCTS_DIR; };
		75FE44CE2B337DA20096CD01 /* Taxi_Stockholm_CityUITests.swift */ = {isa = PBXFileReference; lastKnownFileType = sourcecode.swift; path = Taxi_Stockholm_CityUITests.swift; sourceTree = "<group>"; };
		75FE44D02B337DA20096CD01 /* Taxi_Stockholm_CityUITestsLaunchTests.swift */ = {isa = PBXFileReference; lastKnownFileType = sourcecode.swift; path = Taxi_Stockholm_CityUITestsLaunchTests.swift; sourceTree = "<group>"; };
/* End PBXFileReference section */

/* Begin PBXFrameworksBuildPhase section */
		75FE44AD2B337D9E0096CD01 /* Frameworks */ = {
			isa = PBXFrameworksBuildPhase;
			buildActionMask = 2147483647;
			files = (
			);
			runOnlyForDeploymentPostprocessing = 0;
		};
		75FE44BD2B337DA20096CD01 /* Frameworks */ = {
			isa = PBXFrameworksBuildPhase;
			buildActionMask = 2147483647;
			files = (
			);
			runOnlyForDeploymentPostprocessing = 0;
		};
		75FE44C72B337DA20096CD01 /* Frameworks */ = {
			isa = PBXFrameworksBuildPhase;
			buildActionMask = 2147483647;
			files = (
			);
			runOnlyForDeploymentPostprocessing = 0;
		};
/* End PBXFrameworksBuildPhase section */

/* Begin PBXGroup section */
		75FE44A72B337D9E0096CD01 = {
			isa = PBXGroup;
			children = (
				75FE44B22B337D9E0096CD01 /* Taxi Stockholm City */,
				75FE44C32B337DA20096CD01 /* Taxi Stockholm CityTests */,
				75FE44CD2B337DA20096CD01 /* Taxi Stockholm CityUITests */,
				75FE44B12B337D9E0096CD01 /* Products */,
			);
			sourceTree = "<group>";
		};
		75FE44B12B337D9E0096CD01 /* Products */ = {
			isa = PBXGroup;
			children = (
				75FE44B02B337D9E0096CD01 /* Taxi Stockholm City.app */,
				75FE44C02B337DA20096CD01 /* Taxi Stockholm CityTests.xctest */,
				75FE44CA2B337DA20096CD01 /* Taxi Stockholm CityUITests.xctest */,
			);
			name = Products;
			sourceTree = "<group>";
		};
		75FE44B22B337D9E0096CD01 /* Taxi Stockholm City */ = {
			isa = PBXGroup;
			children = (
				75FE44B32B337D9E0096CD01 /* Taxi_Stockholm_CityApp.swift */,
				75FE44B52B337D9E0096CD01 /* ContentView.swift */,
				75FE44B72B337DA10096CD01 /* Assets.xcassets */,
				75FE44B92B337DA10096CD01 /* Preview Content */,
			);
			path = "Taxi Stockholm City";
			sourceTree = "<group>";
		};
		75FE44B92B337DA10096CD01 /* Preview Content */ = {
			isa = PBXGroup;
			children = (
				75FE44BA2B337DA10096CD01 /* Preview Assets.xcassets */,
			);
			path = "Preview Content";
			sourceTree = "<group>";
		};
		75FE44C32B337DA20096CD01 /* Taxi Stockholm CityTests */ = {
			isa = PBXGroup;
			children = (
				75FE44C42B337DA20096CD01 /* Taxi_Stockholm_CityTests.swift */,
			);
			path = "Taxi Stockholm CityTests";
			sourceTree = "<group>";
		};
		75FE44CD2B337DA20096CD01 /* Taxi Stockholm CityUITests */ = {
			isa = PBXGroup;
			children = (
				75FE44CE2B337DA20096CD01 /* Taxi_Stockholm_CityUITests.swift */,
				75FE44D02B337DA20096CD01 /* Taxi_Stockholm_CityUITestsLaunchTests.swift */,
			);
			path = "Taxi Stockholm CityUITests";
			sourceTree = "<group>";
		};
/* End PBXGroup section */

/* Begin PBXNativeTarget section */
		75FE44AF2B337D9E0096CD01 /* Taxi Stockholm City */ = {
			isa = PBXNativeTarget;
			buildConfigurationList = 75FE44D42B337DA20096CD01 /* Build configuration list for PBXNativeTarget "Taxi Stockholm City" */;
			buildPhases = (
				75FE44AC2B337D9E0096CD01 /* Sources */,
				75FE44AD2B337D9E0096CD01 /* Frameworks */,
				75FE44AE2B337D9E0096CD01 /* Resources */,
			);
			buildRules = (
			);
			dependencies = (
			);
			name = "Taxi Stockholm City";
			productName = "Taxi Stockholm City";
			productReference = 75FE44B02B337D9E0096CD01 /* Taxi Stockholm City.app */;
			productType = "com.apple.product-type.application";
		};
		75FE44BF2B337DA20096CD01 /* Taxi Stockholm CityTests */ = {
			isa = PBXNativeTarget;
			buildConfigurationList = 75FE44D72B337DA20096CD01 /* Build configuration list for PBXNativeTarget "Taxi Stockholm CityTests" */;
			buildPhases = (
				75FE44BC2B337DA20096CD01 /* Sources */,
				75FE44BD2B337DA20096CD01 /* Frameworks */,
				75FE44BE2B337DA20096CD01 /* Resources */,
			);
			buildRules = (
			);
			dependencies = (
				75FE44C22B337DA20096CD01 /* PBXTargetDependency */,
			);
			name = "Taxi Stockholm CityTests";
			productName = "Taxi Stockholm CityTests";
			productReference = 75FE44C02B337DA20096CD01 /* Taxi Stockholm CityTests.xctest */;
			productType = "com.apple.product-type.bundle.unit-test";
		};
		75FE44C92B337DA20096CD01 /* Taxi Stockholm CityUITests */ = {
			isa = PBXNativeTarget;
			buildConfigurationList = 75FE44DA2B337DA20096CD01 /* Build configuration list for PBXNativeTarget "Taxi Stockholm CityUITests" */;
			buildPhases = (
				75FE44C62B337DA20096CD01 /* Sources */,
				75FE44C72B337DA20096CD01 /* Frameworks */,
				75FE44C82B337DA20096CD01 /* Resources */,
			);
			buildRules = (
			);
			dependencies = (
				75FE44CC2B337DA20096CD01 /* PBXTargetDependency */,
			);
			name = "Taxi Stockholm CityUITests";
			productName = "Taxi Stockholm CityUITests";
			productReference = 75FE44CA2B337DA20096CD01 /* Taxi Stockholm CityUITests.xctest */;
			productType = "com.apple.product-type.bundle.ui-testing";
		};
/* End PBXNativeTarget section */

/* Begin PBXProject section */
		75FE44A82B337D9E0096CD01 /* Project object */ = {
			isa = PBXProject;
			attributes = {
				BuildIndependentTargetsInParallel = 1;
				LastSwiftUpdateCheck = 1500;
				LastUpgradeCheck = 1500;
				TargetAttributes = {
					75FE44AF2B337D9E0096CD01 = {
						CreatedOnToolsVersion = 15.0;
					};
					75FE44BF2B337DA20096CD01 = {
						CreatedOnToolsVersion = 15.0;
						TestTargetID = 75FE44AF2B337D9E0096CD01;
					};
					75FE44C92B337DA20096CD01 = {
						CreatedOnToolsVersion = 15.0;
						TestTargetID = 75FE44AF2B337D9E0096CD01;
					};
				};
			};
			buildConfigurationList = 75FE44AB2B337D9E0096CD01 /* Build configuration list for PBXProject "Taxi Stockholm City" */;
			compatibilityVersion = "Xcode 14.0";
			developmentRegion = en;
			hasScannedForEncodings = 0;
			knownRegions = (
				en,
				Base,
			);
			mainGroup = 75FE44A72B337D9E0096CD01;
			productRefGroup = 75FE44B12B337D9E0096CD01 /* Products */;
			projectDirPath = "";
			projectRoot = "";
			targets = (
				75FE44AF2B337D9E0096CD01 /* Taxi Stockholm City */,
				75FE44BF2B337DA20096CD01 /* Taxi Stockholm CityTests */,
				75FE44C92B337DA20096CD01 /* Taxi Stockholm CityUITests */,
			);
		};
/* End PBXProject section */

/* Begin PBXResourcesBuildPhase section */
		75FE44AE2B337D9E0096CD01 /* Resources */ = {
			isa = PBXResourcesBuildPhase;
			buildActionMask = 2147483647;
			files = (
				75FE44BB2B337DA10096CD01 /* Preview Assets.xcassets in Resources */,
				75FE44B82B337DA10096CD01 /* Assets.xcassets in Resources */,
			);
			runOnlyForDeploymentPostprocessing = 0;
		};
		75FE44BE2B337DA20096CD01 /* Resources */ = {
			isa = PBXResourcesBuildPhase;
			buildActionMask = 2147483647;
			files = (
			);
			runOnlyForDeploymentPostprocessing = 0;
		};
		75FE44C82B337DA20096CD01 /* Resources */ = {
			isa = PBXResourcesBuildPhase;
			buildActionMask = 2147483647;
			files = (
			);
			runOnlyForDeploymentPostprocessing = 0;
		};
/* End PBXResourcesBuildPhase section */

/* Begin PBXSourcesBuildPhase section */
		75FE44AC2B337D9E0096CD01 /* Sources */ = {
			isa = PBXSourcesBuildPhase;
			buildActionMask = 2147483647;
			files = (
				75FE44B62B337D9E0096CD01 /* ContentView.swift in Sources */,
				75FE44B42B337D9E0096CD01 /* Taxi_Stockholm_CityApp.swift in Sources */,
			);
			runOnlyForDeploymentPostprocessing = 0;
		};
		75FE44BC2B337DA20096CD01 /* Sources */ = {
			isa = PBXSourcesBuildPhase;
			buildActionMask = 2147483647;
			files = (
				75FE44C52B337DA20096CD01 /* Taxi_Stockholm_CityTests.swift in Sources */,
			);
			runOnlyForDeploymentPostprocessing = 0;
		};
		75FE44C62B337DA20096CD01 /* Sources */ = {
			isa = PBXSourcesBuildPhase;
			buildActionMask = 2147483647;
			files = (
				75FE44D12B337DA20096CD01 /* Taxi_Stockholm_CityUITestsLaunchTests.swift in Sources */,
				75FE44CF2B337DA20096CD01 /* Taxi_Stockholm_CityUITests.swift in Sources */,
			);
			runOnlyForDeploymentPostprocessing = 0;
		};
/* End PBXSourcesBuildPhase section */

/* Begin PBXTargetDependency section */
		75FE44C22B337DA20096CD01 /* PBXTargetDependency */ = {
			isa = PBXTargetDependency;
			target = 75FE44AF2B337D9E0096CD01 /* Taxi Stockholm City */;
			targetProxy = 75FE44C12B337DA20096CD01 /* PBXContainerItemProxy */;
		};
		75FE44CC2B337DA20096CD01 /* PBXTargetDependency */ = {
			isa = PBXTargetDependency;
			target = 75FE44AF2B337D9E0096CD01 /* Taxi Stockholm City */;
			targetProxy = 75FE44CB2B337DA20096CD01 /* PBXContainerItemProxy */;
		};
/* End PBXTargetDependency section */

/* Begin XCBuildConfiguration section */
		75FE44D22B337DA20096CD01 /* Debug */ = {
			isa = XCBuildConfiguration;
			buildSettings = {
				ALWAYS_SEARCH_USER_PATHS = NO;
				ASSETCATALOG_COMPILER_GENERATE_SWIFT_ASSET_SYMBOL_EXTENSIONS = YES;
				CLANG_ANALYZER_NONNULL = YES;
				CLANG_ANALYZER_NUMBER_OBJECT_CONVERSION = YES_AGGRESSIVE;
				CLANG_CXX_LANGUAGE_STANDARD = "gnu++20";
				CLANG_ENABLE_MODULES = YES;
				CLANG_ENABLE_OBJC_ARC = YES;
				CLANG_ENABLE_OBJC_WEAK = YES;
				CLANG_WARN_BLOCK_CAPTURE_AUTORELEASING = YES;
				CLANG_WARN_BOOL_CONVERSION = YES;
				CLANG_WARN_COMMA = YES;
				CLANG_WARN_CONSTANT_CONVERSION = YES;
				CLANG_WARN_DEPRECATED_OBJC_IMPLEMENTATIONS = YES;
				CLANG_WARN_DIRECT_OBJC_ISA_USAGE = YES_ERROR;
				CLANG_WARN_DOCUMENTATION_COMMENTS = YES;
				CLANG_WARN_EMPTY_BODY = YES;
				CLANG_WARN_ENUM_CONVERSION = YES;
				CLANG_WARN_INFINITE_RECURSION = YES;
				CLANG_WARN_INT_CONVERSION = YES;
				CLANG_WARN_NON_LITERAL_NULL_CONVERSION = YES;
				CLANG_WARN_OBJC_IMPLICIT_RETAIN_SELF = YES;
				CLANG_WARN_OBJC_LITERAL_CONVERSION = YES;
				CLANG_WARN_OBJC_ROOT_CLASS = YES_ERROR;
				CLANG_WARN_QUOTED_INCLUDE_IN_FRAMEWORK_HEADER = YES;
				CLANG_WARN_RANGE_LOOP_ANALYSIS = YES;
				CLANG_WARN_STRICT_PROTOTYPES = YES;
				CLANG_WARN_SUSPICIOUS_MOVE = YES;
				CLANG_WARN_UNGUARDED_AVAILABILITY = YES_AGGRESSIVE;
				CLANG_WARN_UNREACHABLE_CODE = YES;
				CLANG_WARN__DUPLICATE_METHOD_MATCH = YES;
				COPY_PHASE_STRIP = NO;
				DEBUG_INFORMATION_FORMAT = dwarf;
				ENABLE_STRICT_OBJC_MSGSEND = YES;
				ENABLE_TESTABILITY = YES;
				ENABLE_USER_SCRIPT_SANDBOXING = YES;
				GCC_C_LANGUAGE_STANDARD = gnu17;
				GCC_DYNAMIC_NO_PIC = NO;
				GCC_NO_COMMON_BLOCKS = YES;
				GCC_OPTIMIZATION_LEVEL = 0;
				GCC_PREPROCESSOR_DEFINITIONS = (
					"DEBUG=1",
					"$(inherited)",
				);
				GCC_WARN_64_TO_32_BIT_CONVERSION = YES;
				GCC_WARN_ABOUT_RETURN_TYPE = YES_ERROR;
				GCC_WARN_UNDECLARED_SELECTOR = YES;
				GCC_WARN_UNINITIALIZED_AUTOS = YES_AGGRESSIVE;
				GCC_WARN_UNUSED_FUNCTION = YES;
				GCC_WARN_UNUSED_VARIABLE = YES;
				IPHONEOS_DEPLOYMENT_TARGET = 17.0;
				LOCALIZATION_PREFERS_STRING_CATALOGS = YES;
				MTL_ENABLE_DEBUG_INFO = INCLUDE_SOURCE;
				MTL_FAST_MATH = YES;
				ONLY_ACTIVE_ARCH = YES;
				SDKROOT = iphoneos;
				SWIFT_ACTIVE_COMPILATION_CONDITIONS = "DEBUG $(inherited)";
				SWIFT_OPTIMIZATION_LEVEL = "-Onone";
			};
			name = Debug;
		};
		75FE44D32B337DA20096CD01 /* Release */ = {
			isa = XCBuildConfiguration;
			buildSettings = {
				ALWAYS_SEARCH_USER_PATHS = NO;
				ASSETCATALOG_COMPILER_GENERATE_SWIFT_ASSET_SYMBOL_EXTENSIONS = YES;
				CLANG_ANALYZER_NONNULL = YES;
				CLANG_ANALYZER_NUMBER_OBJECT_CONVERSION = YES_AGGRESSIVE;
				CLANG_CXX_LANGUAGE_STANDARD = "gnu++20";
				CLANG_ENABLE_MODULES = YES;
				CLANG_ENABLE_OBJC_ARC = YES;
				CLANG_ENABLE_OBJC_WEAK = YES;
				CLANG_WARN_BLOCK_CAPTURE_AUTORELEASING = YES;
				CLANG_WARN_BOOL_CONVERSION = YES;
				CLANG_WARN_COMMA = YES;
				CLANG_WARN_CONSTANT_CONVERSION = YES;
				CLANG_WARN_DEPRECATED_OBJC_IMPLEMENTATIONS = YES;
				CLANG_WARN_DIRECT_OBJC_ISA_USAGE = YES_ERROR;
				CLANG_WARN_DOCUMENTATION_COMMENTS = YES;
				CLANG_WARN_EMPTY_BODY = YES;
				CLANG_WARN_ENUM_CONVERSION = YES;
				CLANG_WARN_INFINITE_RECURSION = YES;
				CLANG_WARN_INT_CONVERSION = YES;
				CLANG_WARN_NON_LITERAL_NULL_CONVERSION = YES;
				CLANG_WARN_OBJC_IMPLICIT_RETAIN_SELF = YES;
				CLANG_WARN_OBJC_LITERAL_CONVERSION = YES;
				CLANG_WARN_OBJC_ROOT_CLASS = YES_ERROR;
				CLANG_WARN_QUOTED_INCLUDE_IN_FRAMEWORK_HEADER = YES;
				CLANG_WARN_RANGE_LOOP_ANALYSIS = YES;
				CLANG_WARN_STRICT_PROTOTYPES = YES;
				CLANG_WARN_SUSPICIOUS_MOVE = YES;
				CLANG_WARN_UNGUARDED_AVAILABILITY = YES_AGGRESSIVE;
				CLANG_WARN_UNREACHABLE_CODE = YES;
				CLANG_WARN__DUPLICATE_METHOD_MATCH = YES;
				COPY_PHASE_STRIP = NO;
				DEBUG_INFORMATION_FORMAT = "dwarf-with-dsym";
				ENABLE_NS_ASSERTIONS = NO;
				ENABLE_STRICT_OBJC_MSGSEND = YES;
				ENABLE_USER_SCRIPT_SANDBOXING = YES;
				GCC_C_LANGUAGE_STANDARD = gnu17;
				GCC_NO_COMMON_BLOCKS = YES;
				GCC_WARN_64_TO_32_BIT_CONVERSION = YES;
				GCC_WARN_ABOUT_RETURN_TYPE = YES_ERROR;
				GCC_WARN_UNDECLARED_SELECTOR = YES;
				GCC_WARN_UNINITIALIZED_AUTOS = YES_AGGRESSIVE;
				GCC_WARN_UNUSED_FUNCTION = YES;
				GCC_WARN_UNUSED_VARIABLE = YES;
				IPHONEOS_DEPLOYMENT_TARGET = 17.0;
				LOCALIZATION_PREFERS_STRING_CATALOGS = YES;
				MTL_ENABLE_DEBUG_INFO = NO;
				MTL_FAST_MATH = YES;
				SDKROOT = iphoneos;
				SWIFT_COMPILATION_MODE = wholemodule;
				VALIDATE_PRODUCT = YES;
			};
			name = Release;
		};
		75FE44D52B337DA20096CD01 /* Debug */ = {
			isa = XCBuildConfiguration;
			buildSettings = {
				ASSETCATALOG_COMPILER_APPICON_NAME = AppIcon;
				ASSETCATALOG_COMPILER_GLOBAL_ACCENT_COLOR_NAME = AccentColor;
				CODE_SIGN_STYLE = Automatic;
				CURRENT_PROJECT_VERSION = 1;
				DEVELOPMENT_ASSET_PATHS = "\"Taxi Stockholm City/Preview Content\"";
				ENABLE_PREVIEWS = YES;
				GENERATE_INFOPLIST_FILE = YES;
				INFOPLIST_KEY_UIApplicationSceneManifest_Generation = YES;
				INFOPLIST_KEY_UIApplicationSupportsIndirectInputEvents = YES;
				INFOPLIST_KEY_UILaunchScreen_Generation = YES;
				INFOPLIST_KEY_UISupportedInterfaceOrientations_iPad = "UIInterfaceOrientationPortrait UIInterfaceOrientationPortraitUpsideDown UIInterfaceOrientationLandscapeLeft UIInterfaceOrientationLandscapeRight";
				INFOPLIST_KEY_UISupportedInterfaceOrientations_iPhone = "UIInterfaceOrientationPortrait UIInterfaceOrientationLandscapeLeft UIInterfaceOrientationLandscapeRight";
				LD_RUNPATH_SEARCH_PATHS = (
					"$(inherited)",
					"@executable_path/Frameworks",
				);
				MARKETING_VERSION = 1.0;
				PRODUCT_BUNDLE_IDENTIFIER = "city.Taxi-Stockholm-City";
				PRODUCT_NAME = "$(TARGET_NAME)";
				SWIFT_EMIT_LOC_STRINGS = YES;
				SWIFT_VERSION = 5.0;
				TARGETED_DEVICE_FAMILY = "1,2";
			};
			name = Debug;
		};
		75FE44D62B337DA20096CD01 /* Release */ = {
			isa = XCBuildConfiguration;
			buildSettings = {
				ASSETCATALOG_COMPILER_APPICON_NAME = AppIcon;
				ASSETCATALOG_COMPILER_GLOBAL_ACCENT_COLOR_NAME = AccentColor;
				CODE_SIGN_STYLE = Automatic;
				CURRENT_PROJECT_VERSION = 1;
				DEVELOPMENT_ASSET_PATHS = "\"Taxi Stockholm City/Preview Content\"";
				ENABLE_PREVIEWS = YES;
				GENERATE_INFOPLIST_FILE = YES;
				INFOPLIST_KEY_UIApplicationSceneManifest_Generation = YES;
				INFOPLIST_KEY_UIApplicationSupportsIndirectInputEvents = YES;
				INFOPLIST_KEY_UILaunchScreen_Generation = YES;
				INFOPLIST_KEY_UISupportedInterfaceOrientations_iPad = "UIInterfaceOrientationPortrait UIInterfaceOrientationPortraitUpsideDown UIInterfaceOrientationLandscapeLeft UIInterfaceOrientationLandscapeRight";
				INFOPLIST_KEY_UISupportedInterfaceOrientations_iPhone = "UIInterfaceOrientationPortrait UIInterfaceOrientationLandscapeLeft UIInterfaceOrientationLandscapeRight";
				LD_RUNPATH_SEARCH_PATHS = (
					"$(inherited)",
					"@executable_path/Frameworks",
				);
				MARKETING_VERSION = 1.0;
				PRODUCT_BUNDLE_IDENTIFIER = "city.Taxi-Stockholm-City";
				PRODUCT_NAME = "$(TARGET_NAME)";
				SWIFT_EMIT_LOC_STRINGS = YES;
				SWIFT_VERSION = 5.0;
				TARGETED_DEVICE_FAMILY = "1,2";
			};
			name = Release;
		};
		75FE44D82B337DA20096CD01 /* Debug */ = {
			isa = XCBuildConfiguration;
			buildSettings = {
				ALWAYS_EMBED_SWIFT_STANDARD_LIBRARIES = YES;
				BUNDLE_LOADER = "$(TEST_HOST)";
				CODE_SIGN_STYLE = Automatic;
				CURRENT_PROJECT_VERSION = 1;
				GENERATE_INFOPLIST_FILE = YES;
				IPHONEOS_DEPLOYMENT_TARGET = 17.0;
				MARKETING_VERSION = 1.0;
				PRODUCT_BUNDLE_IDENTIFIER = "city.Taxi-Stockholm-CityTests";
				PRODUCT_NAME = "$(TARGET_NAME)";
				SWIFT_EMIT_LOC_STRINGS = NO;
				SWIFT_VERSION = 5.0;
				TARGETED_DEVICE_FAMILY = "1,2";
				TEST_HOST = "$(BUILT_PRODUCTS_DIR)/Taxi Stockholm City.app/$(BUNDLE_EXECUTABLE_FOLDER_PATH)/Taxi Stockholm City";
			};
			name = Debug;
		};
		75FE44D92B337DA20096CD01 /* Release */ = {
			isa = XCBuildConfiguration;
			buildSettings = {
				ALWAYS_EMBED_SWIFT_STANDARD_LIBRARIES = YES;
				BUNDLE_LOADER = "$(TEST_HOST)";
				CODE_SIGN_STYLE = Automatic;
				CURRENT_PROJECT_VERSION = 1;
				GENERATE_INFOPLIST_FILE = YES;
				IPHONEOS_DEPLOYMENT_TARGET = 17.0;
				MARKETING_VERSION = 1.0;
				PRODUCT_BUNDLE_IDENTIFIER = "city.Taxi-Stockholm-CityTests";
				PRODUCT_NAME = "$(TARGET_NAME)";
				SWIFT_EMIT_LOC_STRINGS = NO;
				SWIFT_VERSION = 5.0;
				TARGETED_DEVICE_FAMILY = "1,2";
				TEST_HOST = "$(BUILT_PRODUCTS_DIR)/Taxi Stockholm City.app/$(BUNDLE_EXECUTABLE_FOLDER_PATH)/Taxi Stockholm City";
			};
			name = Release;
		};
		75FE44DB2B337DA20096CD01 /* Debug */ = {
			isa = XCBuildConfiguration;
			buildSettings = {
				ALWAYS_EMBED_SWIFT_STANDARD_LIBRARIES = YES;
				CODE_SIGN_STYLE = Automatic;
				CURRENT_PROJECT_VERSION = 1;
				GENERATE_INFOPLIST_FILE = YES;
				MARKETING_VERSION = 1.0;
				PRODUCT_BUNDLE_IDENTIFIER = "city.Taxi-Stockholm-CityUITests";
				PRODUCT_NAME = "$(TARGET_NAME)";
				SWIFT_EMIT_LOC_STRINGS = NO;
				SWIFT_VERSION = 5.0;
				TARGETED_DEVICE_FAMILY = "1,2";
				TEST_TARGET_NAME = "Taxi Stockholm City";
			};
			name = Debug;
		};
		75FE44DC2B337DA20096CD01 /* Release */ = {
			isa = XCBuildConfiguration;
			buildSettings = {
				ALWAYS_EMBED_SWIFT_STANDARD_LIBRARIES = YES;
				CODE_SIGN_STYLE = Automatic;
				CURRENT_PROJECT_VERSION = 1;
				GENERATE_INFOPLIST_FILE = YES;
				MARKETING_VERSION = 1.0;
				PRODUCT_BUNDLE_IDENTIFIER = "city.Taxi-Stockholm-CityUITests";
				PRODUCT_NAME = "$(TARGET_NAME)";
				SWIFT_EMIT_LOC_STRINGS = NO;
				SWIFT_VERSION = 5.0;
				TARGETED_DEVICE_FAMILY = "1,2";
				TEST_TARGET_NAME = "Taxi Stockholm City";
			};
			name = Release;
		};
/* End XCBuildConfiguration section */

/* Begin XCConfigurationList section */
		75FE44AB2B337D9E0096CD01 /* Build configuration list for PBXProject "Taxi Stockholm City" */ = {
			isa = XCConfigurationList;
			buildConfigurations = (
				75FE44D22B337DA20096CD01 /* Debug */,
				75FE44D32B337DA20096CD01 /* Release */,
			);
			defaultConfigurationIsVisible = 0;
			defaultConfigurationName = Release;
		};
		75FE44D42B337DA20096CD01 /* Build configuration list for PBXNativeTarget "Taxi Stockholm City" */ = {
			isa = XCConfigurationList;
			buildConfigurations = (
				75FE44D52B337DA20096CD01 /* Debug */,
				75FE44D62B337DA20096CD01 /* Release */,
			);
			defaultConfigurationIsVisible = 0;
			defaultConfigurationName = Release;
		};
		75FE44D72B337DA20096CD01 /* Build configuration list for PBXNativeTarget "Taxi Stockholm CityTests" */ = {
			isa = XCConfigurationList;
			buildConfigurations = (
				75FE44D82B337DA20096CD01 /* Debug */,
				75FE44D92B337DA20096CD01 /* Release */,
			);
			defaultConfigurationIsVisible = 0;
			defaultConfigurationName = Release;
		};
		75FE44DA2B337DA20096CD01 /* Build configuration list for PBXNativeTarget "Taxi Stockholm CityUITests" */ = {
			isa = XCConfigurationList;
			buildConfigurations = (
				75FE44DB2B337DA20096CD01 /* Debug */,
				75FE44DC2B337DA20096CD01 /* Release */,
			);
			defaultConfigurationIsVisible = 0;
			defaultConfigurationName = Release;
		};
/* End XCConfigurationList section */
	};
	rootObject = 75FE44A82B337D9E0096CD01 /* Project object */;
}
